
Microsoft Visual Studio Solution File, Format Version 12.00
# Visual Studio Version 17
VisualStudioVersion = 17.9.34723.18
MinimumVisualStudioVersion = 10.0.40219.1
Project("{2150E333-8FDC-42A3-9474-1A3956D46DE8}") = "src", "src", "{8A4EAA4C-F0EA-4D68-B44C-99A5C183E2A0}"
EndProject
Project("{2150E333-8FDC-42A3-9474-1A3956D46DE8}") = "tests", "tests", "{0FCC6412-555F-41C9-A898-76C521777528}"
EndProject
Project("{2150E333-8FDC-42A3-9474-1A3956D46DE8}") = "authentication", "authentication", "{0419A7F7-DB7A-4C5D-AAF0-F5D73841F089}"
EndProject
Project("{2150E333-8FDC-42A3-9474-1A3956D46DE8}") = "queue", "queue", "{B064EC27-9311-4F53-9276-6AE3FA4E31D4}"
EndProject
Project("{2150E333-8FDC-42A3-9474-1A3956D46DE8}") = "validator", "validator", "{EAAF019C-E68B-4B27-BEBE-78816CCBCA0D}"
EndProject
Project("{2150E333-8FDC-42A3-9474-1A3956D46DE8}") = "unit-tests", "unit-tests", "{A8075D2D-33CD-4D77-B48C-B2B633ECDCB7}"
EndProject
Project("{9A19103F-16F7-4668-BE54-9A1E7A4F7556}") = "app-authentication", "app-authentication\app-authentication.csproj", "{014ADAD5-3255-4028-9A32-7C86568AC03D}"
EndProject
Project("{9A19103F-16F7-4668-BE54-9A1E7A4F7556}") = "app-queue", "app-queue\app-queue.csproj", "{E90FA9DB-9B1A-4046-B545-26CA51C273A2}"
EndProject
Project("{9A19103F-16F7-4668-BE54-9A1E7A4F7556}") = "app-validador", "app-validador\app-validador.csproj", "{8D7207D1-9A1C-437E-ACE8-4B227E78235E}"
EndProject
Project("{2150E333-8FDC-42A3-9474-1A3956D46DE8}") = "surface", "surface", "{EE4FFD02-46AA-4413-834C-F749C55A2D75}"
EndProject
Project("{9A19103F-16F7-4668-BE54-9A1E7A4F7556}") = "app-surface", "app-surface\app-surface.csproj", "{B1C14C15-6308-409C-8C2F-6E5AFEC5F116}"
EndProject
Project("{FAE04EC0-301F-11D3-BF4B-00C04F79EFBC}") = "app-tests", "app-tests\app-tests.csproj", "{4B95B409-B90C-4FB0-B891-558675353D06}"
EndProject
Global
	GlobalSection(SolutionConfigurationPlatforms) = preSolution
		Debug|Any CPU = Debug|Any CPU
		Release|Any CPU = Release|Any CPU
	EndGlobalSection
	GlobalSection(ProjectConfigurationPlatforms) = postSolution
		{014ADAD5-3255-4028-9A32-7C86568AC03D}.Debug|Any CPU.ActiveCfg = Debug|Any CPU
		{014ADAD5-3255-4028-9A32-7C86568AC03D}.Debug|Any CPU.Build.0 = Debug|Any CPU
		{014ADAD5-3255-4028-9A32-7C86568AC03D}.Release|Any CPU.ActiveCfg = Release|Any CPU
		{014ADAD5-3255-4028-9A32-7C86568AC03D}.Release|Any CPU.Build.0 = Release|Any CPU
		{E90FA9DB-9B1A-4046-B545-26CA51C273A2}.Debug|Any CPU.ActiveCfg = Debug|Any CPU
		{E90FA9DB-9B1A-4046-B545-26CA51C273A2}.Debug|Any CPU.Build.0 = Debug|Any CPU
		{E90FA9DB-9B1A-4046-B545-26CA51C273A2}.Release|Any CPU.ActiveCfg = Release|Any CPU
		{E90FA9DB-9B1A-4046-B545-26CA51C273A2}.Release|Any CPU.Build.0 = Release|Any CPU
		{8D7207D1-9A1C-437E-ACE8-4B227E78235E}.Debug|Any CPU.ActiveCfg = Debug|Any CPU
		{8D7207D1-9A1C-437E-ACE8-4B227E78235E}.Debug|Any CPU.Build.0 = Debug|Any CPU
		{8D7207D1-9A1C-437E-ACE8-4B227E78235E}.Release|Any CPU.ActiveCfg = Release|Any CPU
		{8D7207D1-9A1C-437E-ACE8-4B227E78235E}.Release|Any CPU.Build.0 = Release|Any CPU
		{B1C14C15-6308-409C-8C2F-6E5AFEC5F116}.Debug|Any CPU.ActiveCfg = Debug|Any CPU
		{B1C14C15-6308-409C-8C2F-6E5AFEC5F116}.Debug|Any CPU.Build.0 = Debug|Any CPU
		{B1C14C15-6308-409C-8C2F-6E5AFEC5F116}.Release|Any CPU.ActiveCfg = Release|Any CPU
		{B1C14C15-6308-409C-8C2F-6E5AFEC5F116}.Release|Any CPU.Build.0 = Release|Any CPU
		{4B95B409-B90C-4FB0-B891-558675353D06}.Debug|Any CPU.ActiveCfg = Debug|Any CPU
		{4B95B409-B90C-4FB0-B891-558675353D06}.Debug|Any CPU.Build.0 = Debug|Any CPU
		{4B95B409-B90C-4FB0-B891-558675353D06}.Release|Any CPU.ActiveCfg = Release|Any CPU
		{4B95B409-B90C-4FB0-B891-558675353D06}.Release|Any CPU.Build.0 = Release|Any CPU
	EndGlobalSection
	GlobalSection(SolutionProperties) = preSolution
		HideSolutionNode = FALSE
	EndGlobalSection
	GlobalSection(NestedProjects) = preSolution
		{0419A7F7-DB7A-4C5D-AAF0-F5D73841F089} = {8A4EAA4C-F0EA-4D68-B44C-99A5C183E2A0}
		{B064EC27-9311-4F53-9276-6AE3FA4E31D4} = {8A4EAA4C-F0EA-4D68-B44C-99A5C183E2A0}
		{EAAF019C-E68B-4B27-BEBE-78816CCBCA0D} = {8A4EAA4C-F0EA-4D68-B44C-99A5C183E2A0}
		{A8075D2D-33CD-4D77-B48C-B2B633ECDCB7} = {0FCC6412-555F-41C9-A898-76C521777528}
		{014ADAD5-3255-4028-9A32-7C86568AC03D} = {0419A7F7-DB7A-4C5D-AAF0-F5D73841F089}
		{E90FA9DB-9B1A-4046-B545-26CA51C273A2} = {B064EC27-9311-4F53-9276-6AE3FA4E31D4}
		{8D7207D1-9A1C-437E-ACE8-4B227E78235E} = {EAAF019C-E68B-4B27-BEBE-78816CCBCA0D}
		{EE4FFD02-46AA-4413-834C-F749C55A2D75} = {8A4EAA4C-F0EA-4D68-B44C-99A5C183E2A0}
		{B1C14C15-6308-409C-8C2F-6E5AFEC5F116} = {EE4FFD02-46AA-4413-834C-F749C55A2D75}
		{4B95B409-B90C-4FB0-B891-558675353D06} = {A8075D2D-33CD-4D77-B48C-B2B633ECDCB7}
	EndGlobalSection
	GlobalSection(ExtensibilityGlobals) = postSolution
		SolutionGuid = {A678FF89-CF23-4FBF-A5BC-8FAAF9EAF27D}
	EndGlobalSection
EndGlobal
